
Microsoft Visual Studio Solution File, Format Version 12.00
# Visual Studio Version 16
VisualStudioVersion = 16.0.29102.190
MinimumVisualStudioVersion = 10.0.40219.1
Project("{FAE04EC0-301F-11D3-BF4B-00C04F79EFBC}") = "DisciplePath.Web", "DisciplePath.Web\DisciplePath.Web.csproj", "{25E52F46-430C-4BC7-95D6-681EDCB704E8}"
EndProject
Global
	GlobalSection(SolutionConfigurationPlatforms) = preSolution
		Debug|Any CPU = Debug|Any CPU
		Release|Any CPU = Release|Any CPU
	EndGlobalSection
	GlobalSection(ProjectConfigurationPlatforms) = postSolution
		{25E52F46-430C-4BC7-95D6-681EDCB704E8}.Debug|Any CPU.ActiveCfg = Debug|Any CPU
		{25E52F46-430C-4BC7-95D6-681EDCB704E8}.Debug|Any CPU.Build.0 = Debug|Any CPU
		{25E52F46-430C-4BC7-95D6-681EDCB704E8}.Release|Any CPU.ActiveCfg = Release|Any CPU
		{25E52F46-430C-4BC7-95D6-681EDCB704E8}.Release|Any CPU.Build.0 = Release|Any CPU
	EndGlobalSection
	GlobalSection(SolutionProperties) = preSolution
		HideSolutionNode = FALSE
	EndGlobalSection
	GlobalSection(ExtensibilityGlobals) = postSolution
		SolutionGuid = {E6FBD26B-E715-4928-B7C0-8553122B6A1C}
	EndGlobalSection
EndGlobal
